
Microsoft Visual Studio Solution File, Format Version 12.00
# Visual Studio Version 17
VisualStudioVersion = 17.7.34018.315
MinimumVisualStudioVersion = 10.0.40219.1
Project("{FAE04EC0-301F-11D3-BF4B-00C04F79EFBC}") = "Uppgift4.10", "Uppgift4.10\Uppgift4.10.csproj", "{9AFC3BEB-9161-470D-91F2-D3A1ED6E0205}"
EndProject
Global
	GlobalSection(SolutionConfigurationPlatforms) = preSolution
		Debug|Any CPU = Debug|Any CPU
		Release|Any CPU = Release|Any CPU
	EndGlobalSection
	GlobalSection(ProjectConfigurationPlatforms) = postSolution
		{9AFC3BEB-9161-470D-91F2-D3A1ED6E0205}.Debug|Any CPU.ActiveCfg = Debug|Any CPU
		{9AFC3BEB-9161-470D-91F2-D3A1ED6E0205}.Debug|Any CPU.Build.0 = Debug|Any CPU
		{9AFC3BEB-9161-470D-91F2-D3A1ED6E0205}.Release|Any CPU.ActiveCfg = Release|Any CPU
		{9AFC3BEB-9161-470D-91F2-D3A1ED6E0205}.Release|Any CPU.Build.0 = Release|Any CPU
	EndGlobalSection
	GlobalSection(SolutionProperties) = preSolution
		HideSolutionNode = FALSE
	EndGlobalSection
	GlobalSection(ExtensibilityGlobals) = postSolution
		SolutionGuid = {7D6973B1-1AEE-4899-8672-B5737704408A}
	EndGlobalSection
EndGlobal
